
Microsoft Visual Studio Solution File, Format Version 12.00
# Visual Studio Version 17
VisualStudioVersion = 17.5.33627.172
MinimumVisualStudioVersion = 10.0.40219.1
Project("{9A19103F-16F7-4668-BE54-9A1E7A4F7556}") = "MyToDo", "MyToDo\MyToDo.csproj", "{779EC299-5785-435E-B5A6-34948D38544D}"
	ProjectSection(ProjectDependencies) = postProject
		{4F0A1EDF-2B0E-4774-A4B6-2D44F8C8716D} = {4F0A1EDF-2B0E-4774-A4B6-2D44F8C8716D}
	EndProjectSection
EndProject
Project("{9A19103F-16F7-4668-BE54-9A1E7A4F7556}") = "MyToDo.Api", "MyToDo.Api\MyToDo.Api.csproj", "{7EBDCD12-C79D-409E-A223-5043FC013C22}"
EndProject
Project("{9A19103F-16F7-4668-BE54-9A1E7A4F7556}") = "MyToDo.Shared", "MyToDo.Shared\MyToDo.Shared.csproj", "{4F0A1EDF-2B0E-4774-A4B6-2D44F8C8716D}"
EndProject
Global
	GlobalSection(SolutionConfigurationPlatforms) = preSolution
		Debug|Any CPU = Debug|Any CPU
		Release|Any CPU = Release|Any CPU
	EndGlobalSection
	GlobalSection(ProjectConfigurationPlatforms) = postSolution
		{779EC299-5785-435E-B5A6-34948D38544D}.Debug|Any CPU.ActiveCfg = Debug|Any CPU
		{779EC299-5785-435E-B5A6-34948D38544D}.Debug|Any CPU.Build.0 = Debug|Any CPU
		{779EC299-5785-435E-B5A6-34948D38544D}.Release|Any CPU.ActiveCfg = Release|Any CPU
		{779EC299-5785-435E-B5A6-34948D38544D}.Release|Any CPU.Build.0 = Release|Any CPU
		{7EBDCD12-C79D-409E-A223-5043FC013C22}.Debug|Any CPU.ActiveCfg = Debug|Any CPU
		{7EBDCD12-C79D-409E-A223-5043FC013C22}.Debug|Any CPU.Build.0 = Debug|Any CPU
		{7EBDCD12-C79D-409E-A223-5043FC013C22}.Release|Any CPU.ActiveCfg = Release|Any CPU
		{7EBDCD12-C79D-409E-A223-5043FC013C22}.Release|Any CPU.Build.0 = Release|Any CPU
		{4F0A1EDF-2B0E-4774-A4B6-2D44F8C8716D}.Debug|Any CPU.ActiveCfg = Debug|Any CPU
		{4F0A1EDF-2B0E-4774-A4B6-2D44F8C8716D}.Debug|Any CPU.Build.0 = Debug|Any CPU
		{4F0A1EDF-2B0E-4774-A4B6-2D44F8C8716D}.Release|Any CPU.ActiveCfg = Release|Any CPU
		{4F0A1EDF-2B0E-4774-A4B6-2D44F8C8716D}.Release|Any CPU.Build.0 = Release|Any CPU
	EndGlobalSection
	GlobalSection(SolutionProperties) = preSolution
		HideSolutionNode = FALSE
	EndGlobalSection
	GlobalSection(ExtensibilityGlobals) = postSolution
		SolutionGuid = {28649F82-0E48-46D0-864D-89DD9069C695}
	EndGlobalSection
EndGlobal
